
Microsoft Visual Studio Solution File, Format Version 12.00
# Visual Studio 2013
VisualStudioVersion = 12.0.21005.1
MinimumVisualStudioVersion = 10.0.40219.1
Project("{FAE04EC0-301F-11D3-BF4B-00C04F79EFBC}") = "CarRentals.Contract", "CarRentals.Contract\CarRentals.Contract.csproj", "{23832D19-3AA5-4692-8778-590CB2EE8DE7}"
EndProject
Project("{FAE04EC0-301F-11D3-BF4B-00C04F79EFBC}") = "CarRentals.Domain", "Domain\CarRentals.Domain.csproj", "{4449D457-4360-46EB-B0CE-3206DD6DDF80}"
EndProject
Project("{FAE04EC0-301F-11D3-BF4B-00C04F79EFBC}") = "CarRentals.Wires", "CarRentals.Wires\CarRentals.Wires.csproj", "{B665A14B-EA5F-4BD5-BA46-01019BC38F08}"
EndProject
Project("{FAE04EC0-301F-11D3-BF4B-00C04F79EFBC}") = "CarRentals.Client", "CarRentals.Client\CarRentals.Client.csproj", "{57DA98BE-2E3E-40EB-9BA7-309E9B661DA1}"
EndProject
Project("{FAE04EC0-301F-11D3-BF4B-00C04F79EFBC}") = "Cqrs.Portable", "Cqrs.Portable\Cqrs.Portable.csproj", "{4E2E749C-4D6F-4EF8-8E9D-96D467306997}"
EndProject
Project("{FAE04EC0-301F-11D3-BF4B-00C04F79EFBC}") = "Cqrs.Azure", "Cqrs.Azure\Cqrs.Azure.csproj", "{AEE2B47D-591D-42B5-8EDC-CC676A661F9D}"
EndProject
Project("{FAE04EC0-301F-11D3-BF4B-00C04F79EFBC}") = "CarRentals.Engine", "CarRentals.Engine\CarRentals.Engine.csproj", "{126C4AC6-D54B-417F-B852-2A1605353D55}"
EndProject
Global
	GlobalSection(SolutionConfigurationPlatforms) = preSolution
		Debug|Any CPU = Debug|Any CPU
		Release|Any CPU = Release|Any CPU
	EndGlobalSection
	GlobalSection(ProjectConfigurationPlatforms) = postSolution
		{23832D19-3AA5-4692-8778-590CB2EE8DE7}.Debug|Any CPU.ActiveCfg = Debug|Any CPU
		{23832D19-3AA5-4692-8778-590CB2EE8DE7}.Debug|Any CPU.Build.0 = Debug|Any CPU
		{23832D19-3AA5-4692-8778-590CB2EE8DE7}.Release|Any CPU.ActiveCfg = Release|Any CPU
		{23832D19-3AA5-4692-8778-590CB2EE8DE7}.Release|Any CPU.Build.0 = Release|Any CPU
		{4449D457-4360-46EB-B0CE-3206DD6DDF80}.Debug|Any CPU.ActiveCfg = Debug|Any CPU
		{4449D457-4360-46EB-B0CE-3206DD6DDF80}.Debug|Any CPU.Build.0 = Debug|Any CPU
		{4449D457-4360-46EB-B0CE-3206DD6DDF80}.Release|Any CPU.ActiveCfg = Release|Any CPU
		{4449D457-4360-46EB-B0CE-3206DD6DDF80}.Release|Any CPU.Build.0 = Release|Any CPU
		{B665A14B-EA5F-4BD5-BA46-01019BC38F08}.Debug|Any CPU.ActiveCfg = Debug|Any CPU
		{B665A14B-EA5F-4BD5-BA46-01019BC38F08}.Debug|Any CPU.Build.0 = Debug|Any CPU
		{B665A14B-EA5F-4BD5-BA46-01019BC38F08}.Release|Any CPU.ActiveCfg = Release|Any CPU
		{B665A14B-EA5F-4BD5-BA46-01019BC38F08}.Release|Any CPU.Build.0 = Release|Any CPU
		{57DA98BE-2E3E-40EB-9BA7-309E9B661DA1}.Debug|Any CPU.ActiveCfg = Debug|Any CPU
		{57DA98BE-2E3E-40EB-9BA7-309E9B661DA1}.Debug|Any CPU.Build.0 = Debug|Any CPU
		{57DA98BE-2E3E-40EB-9BA7-309E9B661DA1}.Release|Any CPU.ActiveCfg = Release|Any CPU
		{57DA98BE-2E3E-40EB-9BA7-309E9B661DA1}.Release|Any CPU.Build.0 = Release|Any CPU
		{4E2E749C-4D6F-4EF8-8E9D-96D467306997}.Debug|Any CPU.ActiveCfg = Debug|Any CPU
		{4E2E749C-4D6F-4EF8-8E9D-96D467306997}.Debug|Any CPU.Build.0 = Debug|Any CPU
		{4E2E749C-4D6F-4EF8-8E9D-96D467306997}.Release|Any CPU.ActiveCfg = Release|Any CPU
		{4E2E749C-4D6F-4EF8-8E9D-96D467306997}.Release|Any CPU.Build.0 = Release|Any CPU
		{AEE2B47D-591D-42B5-8EDC-CC676A661F9D}.Debug|Any CPU.ActiveCfg = Debug|Any CPU
		{AEE2B47D-591D-42B5-8EDC-CC676A661F9D}.Debug|Any CPU.Build.0 = Debug|Any CPU
		{AEE2B47D-591D-42B5-8EDC-CC676A661F9D}.Release|Any CPU.ActiveCfg = Release|Any CPU
		{AEE2B47D-591D-42B5-8EDC-CC676A661F9D}.Release|Any CPU.Build.0 = Release|Any CPU
		{126C4AC6-D54B-417F-B852-2A1605353D55}.Debug|Any CPU.ActiveCfg = Debug|Any CPU
		{126C4AC6-D54B-417F-B852-2A1605353D55}.Debug|Any CPU.Build.0 = Debug|Any CPU
		{126C4AC6-D54B-417F-B852-2A1605353D55}.Release|Any CPU.ActiveCfg = Release|Any CPU
		{126C4AC6-D54B-417F-B852-2A1605353D55}.Release|Any CPU.Build.0 = Release|Any CPU
	EndGlobalSection
	GlobalSection(SolutionProperties) = preSolution
		HideSolutionNode = FALSE
	EndGlobalSection
EndGlobal
